
Microsoft Visual Studio Solution File, Format Version 12.00
# Visual Studio 14
VisualStudioVersion = 14.0.23107.0
MinimumVisualStudioVersion = 10.0.40219.1
Project("{FAE04EC0-301F-11D3-BF4B-00C04F79EFBC}") = "P5_1_1204011", "P5_1_1204011\P5_1_1204011.csproj", "{C1EB3DFE-ADDE-4451-815F-CCF17DC5C0F7}"
EndProject
Project("{FAE04EC0-301F-11D3-BF4B-00C04F79EFBC}") = "P5_1_1204011_Host", "P5_1_1204011_Host\P5_1_1204011_Host.csproj", "{A1BC441F-4C4F-4E22-A086-3D5AC47D5900}"
EndProject
Global
	GlobalSection(SolutionConfigurationPlatforms) = preSolution
		Debug|Any CPU = Debug|Any CPU
		Release|Any CPU = Release|Any CPU
	EndGlobalSection
	GlobalSection(ProjectConfigurationPlatforms) = postSolution
		{C1EB3DFE-ADDE-4451-815F-CCF17DC5C0F7}.Debug|Any CPU.ActiveCfg = Debug|Any CPU
		{C1EB3DFE-ADDE-4451-815F-CCF17DC5C0F7}.Debug|Any CPU.Build.0 = Debug|Any CPU
		{C1EB3DFE-ADDE-4451-815F-CCF17DC5C0F7}.Release|Any CPU.ActiveCfg = Release|Any CPU
		{C1EB3DFE-ADDE-4451-815F-CCF17DC5C0F7}.Release|Any CPU.Build.0 = Release|Any CPU
		{A1BC441F-4C4F-4E22-A086-3D5AC47D5900}.Debug|Any CPU.ActiveCfg = Debug|Any CPU
		{A1BC441F-4C4F-4E22-A086-3D5AC47D5900}.Debug|Any CPU.Build.0 = Debug|Any CPU
		{A1BC441F-4C4F-4E22-A086-3D5AC47D5900}.Release|Any CPU.ActiveCfg = Release|Any CPU
		{A1BC441F-4C4F-4E22-A086-3D5AC47D5900}.Release|Any CPU.Build.0 = Release|Any CPU
	EndGlobalSection
	GlobalSection(SolutionProperties) = preSolution
		HideSolutionNode = FALSE
	EndGlobalSection
EndGlobal
